<?xml version="1.0" encoding="utf-8"?>
<Project ToolsVersion="4.0" xmlns="http://schemas.microsoft.com/developer/msbuild/2003">
  <ItemGroup>
    <Filter Include="Graphics">
      <UniqueIdentifier>{564593c1-8e1d-4a2d-9b27-839fe8decf0a}</UniqueIdentifier>
    </Filter>
    <Filter Include="Graphics\Headers">
      <UniqueIdentifier>{2204e29b-14ac-4674-a402-b0786fe7caa2}</UniqueIdentifier>
    </Filter>
    <Filter Include="Graphics\Sources">
      <UniqueIdentifier>{b73338b4-cc37-47f1-8a74-957ce3d0d76c}</UniqueIdentifier>
    </Filter>
    <Filter Include="Shaders">
      <UniqueIdentifier>{a9c23a93-88bb-4e2d-91f9-3bfac5c4c95f}</UniqueIdentifier>
    </Filter>
    <Filter Include="Shaders\Pixel">
      <UniqueIdentifier>{110d16b2-0e99-41ef-82af-e47f2d621ed8}</UniqueIdentifier>
    </Filter>
    <Filter Include="Shaders\Vertex">
      <UniqueIdentifier>{ce39c5bf-e0de-40da-81e5-60ff11518891}</UniqueIdentifier>
    </Filter>
    <Filter Include="Graphics\Shader Classes">
      <UniqueIdentifier>{b693f505-7ad2-4a24-971b-56653952f5aa}</UniqueIdentifier>
    </Filter>
    <Filter Include="Graphics\Shader Classes\Headers">
      <UniqueIdentifier>{d6db8a3a-3ffc-4a4e-9ffe-3cc3433e7ab6}</UniqueIdentifier>
    </Filter>
    <Filter Include="Graphics\Shader Classes\Sources">
      <UniqueIdentifier>{88b1bd6c-c14b-48ab-be3a-e65f9295af7f}</UniqueIdentifier>
    </Filter>
    <Filter Include="Timers">
      <UniqueIdentifier>{141fa6ad-c613-43db-8188-ee95c9a2de12}</UniqueIdentifier>
    </Filter>
    <Filter Include="Timers\Headers">
      <UniqueIdentifier>{ffab891e-2fcc-4551-87c9-e947e33ceec0}</UniqueIdentifier>
    </Filter>
    <Filter Include="Timers\Sources">
      <UniqueIdentifier>{3db71626-dbe9-4ae7-a56a-c4d8c7c3bc3f}</UniqueIdentifier>
    </Filter>
    <Filter Include="Sound">
      <UniqueIdentifier>{a670e8d8-c74c-4864-8132-719f0384ed6b}</UniqueIdentifier>
    </Filter>
    <Filter Include="Sound\Sources">
      <UniqueIdentifier>{b714b675-37ab-419d-9889-50157cd513bf}</UniqueIdentifier>
    </Filter>
    <Filter Include="Sound\Headers">
      <UniqueIdentifier>{122a02ec-684d-4bb6-8f29-94cd9b84b66e}</UniqueIdentifier>
    </Filter>
    <Filter Include="Input">
      <UniqueIdentifier>{fc6392a7-2363-4ce2-82f2-7f8baf0b5082}</UniqueIdentifier>
    </Filter>
    <Filter Include="Input\Headers">
      <UniqueIdentifier>{1e943f4a-e2b7-4cbf-86ca-5dfc3f525bc0}</UniqueIdentifier>
    </Filter>
    <Filter Include="Input\Sources">
      <UniqueIdentifier>{cf927384-1b67-43de-80a4-a51bd1975747}</UniqueIdentifier>
    </Filter>
    <Filter Include="Main System">
      <UniqueIdentifier>{047a017e-002f-4c4f-ad91-27f8ec7c1cc2}</UniqueIdentifier>
    </Filter>
    <Filter Include="Main System\Launcher">
      <UniqueIdentifier>{792c149a-8cc6-4fb0-822f-a3f391031d1b}</UniqueIdentifier>
    </Filter>
    <Filter Include="Main System\Launcher\Sources">
      <UniqueIdentifier>{680c0e76-cb39-46cc-a537-76995dcaadd8}</UniqueIdentifier>
    </Filter>
    <Filter Include="Main System\Launcher\Headers">
      <UniqueIdentifier>{2322d090-9ccc-4081-b93c-25cbb5a588cb}</UniqueIdentifier>
    </Filter>
    <Filter Include="Main System\Main control">
      <UniqueIdentifier>{2dd36b7d-d198-44da-aef1-d8dc10b8163b}</UniqueIdentifier>
    </Filter>
    <Filter Include="Main System\Main control\Headers">
      <UniqueIdentifier>{5b5eb15e-8e02-4c08-8622-35ff83a2341a}</UniqueIdentifier>
    </Filter>
    <Filter Include="Main System\Main control\Sources">
      <UniqueIdentifier>{23268c50-ebac-4ccd-b9c5-4abdcc60737d}</UniqueIdentifier>
    </Filter>
    <Filter Include="Movement">
      <UniqueIdentifier>{481ed1d7-7d1c-4b65-b9fc-4c52b2b8ce3d}</UniqueIdentifier>
    </Filter>
    <Filter Include="Movement\Sources">
      <UniqueIdentifier>{77345dc8-a388-40c3-9e08-76fb921be101}</UniqueIdentifier>
    </Filter>
    <Filter Include="Movement\Headers">
      <UniqueIdentifier>{05d9e879-13df-492f-8bb3-cd922c25c337}</UniqueIdentifier>
    </Filter>
    <Filter Include="Graphics\Camera">
      <UniqueIdentifier>{bb74b4c3-5000-4131-89fe-b841f3781da6}</UniqueIdentifier>
    </Filter>
    <Filter Include="Graphics\Camera\Headers">
      <UniqueIdentifier>{0bd98e7d-0287-4c30-bdc8-8d780a7bd365}</UniqueIdentifier>
    </Filter>
    <Filter Include="Graphics\Camera\Sources">
      <UniqueIdentifier>{8e495b98-2b33-477a-a6c1-0bce820e1395}</UniqueIdentifier>
    </Filter>
    <Filter Include="Main System\Math">
      <UniqueIdentifier>{bbf2602c-5a21-443f-87c7-9e64d8f7ab03}</UniqueIdentifier>
    </Filter>
    <Filter Include="Main System\Math\Vectors">
      <UniqueIdentifier>{40a2e777-13af-4781-89e5-93b05e13db41}</UniqueIdentifier>
    </Filter>
    <Filter Include="Main System\Math\Vectors\Headers">
      <UniqueIdentifier>{463b2bc4-e031-4c30-9a02-20260010c6d5}</UniqueIdentifier>
    </Filter>
    <Filter Include="Main System\Math\Vectors\Sources">
      <UniqueIdentifier>{2d845d14-12bb-4176-b73a-dcb21659ae05}</UniqueIdentifier>
    </Filter>
    <Filter Include="Main System\Math\Matrices">
      <UniqueIdentifier>{8cc73196-1f02-493c-9798-6564d62987df}</UniqueIdentifier>
    </Filter>
    <Filter Include="Main System\Math\Matrices\Headers">
      <UniqueIdentifier>{2986c38d-71ba-4b08-aca4-66833f967947}</UniqueIdentifier>
    </Filter>
    <Filter Include="Main System\Math\Matrices\Sources">
      <UniqueIdentifier>{530f0680-6f29-4c17-b8d7-ffbfb5a4fccf}</UniqueIdentifier>
    </Filter>
    <Filter Include="Main System\ECS">
      <UniqueIdentifier>{768754f7-b49a-4ecb-83f4-8b16b7818618}</UniqueIdentifier>
    </Filter>
  </ItemGroup>
  <ItemGroup>
    <ClCompile Include="ShaderClasses\LightShader.cpp">
      <Filter>Graphics\Shader Classes\Sources</Filter>
    </ClCompile>
    <ClCompile Include="ShaderClasses\FontShader.cpp">
      <Filter>Graphics\Shader Classes\Sources</Filter>
    </ClCompile>
    <ClCompile Include="ShaderClasses\ColorShader.cpp">
      <Filter>Graphics\Shader Classes\Sources</Filter>
    </ClCompile>
    <ClCompile Include="ShaderClasses\TextureShader.cpp">
      <Filter>Graphics\Shader Classes\Sources</Filter>
    </ClCompile>
    <ClCompile Include="Graphics\Font.cpp">
      <Filter>Graphics\Sources</Filter>
    </ClCompile>
    <ClCompile Include="Graphics\Graphics.cpp">
      <Filter>Graphics\Sources</Filter>
    </ClCompile>
    <ClCompile Include="Graphics\Light.cpp">
      <Filter>Graphics\Sources</Filter>
    </ClCompile>
    <ClCompile Include="Graphics\Model.cpp">
      <Filter>Graphics\Sources</Filter>
    </ClCompile>
    <ClCompile Include="Graphics\Text.cpp">
      <Filter>Graphics\Sources</Filter>
    </ClCompile>
    <ClCompile Include="Graphics\Texture.cpp">
      <Filter>Graphics\Sources</Filter>
    </ClCompile>
    <ClCompile Include="Graphics\Bitmap.cpp">
      <Filter>Graphics\Sources</Filter>
    </ClCompile>
    <ClCompile Include="Graphics\D3d.cpp">
      <Filter>Graphics\Sources</Filter>
    </ClCompile>
    <ClCompile Include="Timers\Fps.cpp">
      <Filter>Timers\Sources</Filter>
    </ClCompile>
    <ClCompile Include="Timers\Time.cpp">
      <Filter>Timers\Sources</Filter>
    </ClCompile>
    <ClCompile Include="Timers\Cpu.cpp">
      <Filter>Timers\Sources</Filter>
    </ClCompile>
    <ClCompile Include="System\System.cpp">
      <Filter>Main System\Main control\Sources</Filter>
    </ClCompile>
    <ClCompile Include="System\Launcher.cpp">
      <Filter>Main System\Launcher\Sources</Filter>
    </ClCompile>
    <ClCompile Include="Sound\Sound.cpp">
      <Filter>Sound\Sources</Filter>
    </ClCompile>
    <ClCompile Include="Input\Input.cpp">
      <Filter>Input\Sources</Filter>
    </ClCompile>
    <ClCompile Include="Movement\FreeMovement.cpp">
      <Filter>Movement\Sources</Filter>
    </ClCompile>
    <ClCompile Include="Graphics\Camera\Camera.cpp">
      <Filter>Graphics\Camera\Sources</Filter>
    </ClCompile>
    <ClCompile Include="Graphics\Camera\Frustum.cpp">
      <Filter>Graphics\Camera\Sources</Filter>
    </ClCompile>
    <ClCompile Include="System\Math\Vectors\Vector4.cpp">
      <Filter>Main System\Math\Vectors\Sources</Filter>
    </ClCompile>
    <ClCompile Include="System\Math\Vectors\Vector3.cpp">
      <Filter>Main System\Math\Vectors\Sources</Filter>
    </ClCompile>
    <ClCompile Include="System\Math\Vectors\Vector2.cpp">
      <Filter>Main System\Math\Vectors\Sources</Filter>
    </ClCompile>
    <ClCompile Include="System\Math\Matrices\Matrix4x4.cpp">
      <Filter>Main System\Math\Matrices\Sources</Filter>
    </ClCompile>
    <ClCompile Include="System\Math\EngineMath.cpp">
      <Filter>Main System\Math</Filter>
    </ClCompile>
    <ClCompile Include="System\Math\Vectors\Plane.cpp">
      <Filter>Main System\Math\Vectors\Sources</Filter>
    </ClCompile>
    <ClCompile Include="System\Math\Vectors\Quarernion.cpp">
      <Filter>Main System\Math\Vectors\Sources</Filter>
    </ClCompile>
  </ItemGroup>
  <ItemGroup>
    <ClInclude Include="ShaderClasses\ColorShader.h">
      <Filter>Graphics\Shader Classes\Headers</Filter>
    </ClInclude>
    <ClInclude Include="ShaderClasses\LightShader.h">
      <Filter>Graphics\Shader Classes\Headers</Filter>
    </ClInclude>
    <ClInclude Include="ShaderClasses\TextureShader.h">
      <Filter>Graphics\Shader Classes\Headers</Filter>
    </ClInclude>
    <ClInclude Include="ShaderClasses\FontShader.h">
      <Filter>Graphics\Shader Classes\Headers</Filter>
    </ClInclude>
    <ClInclude Include="Graphics\Font.h">
      <Filter>Graphics\Headers</Filter>
    </ClInclude>
    <ClInclude Include="Graphics\Graphics.h">
      <Filter>Graphics\Headers</Filter>
    </ClInclude>
    <ClInclude Include="Graphics\Light.h">
      <Filter>Graphics\Headers</Filter>
    </ClInclude>
    <ClInclude Include="Graphics\Model.h">
      <Filter>Graphics\Headers</Filter>
    </ClInclude>
    <ClInclude Include="Graphics\Text.h">
      <Filter>Graphics\Headers</Filter>
    </ClInclude>
    <ClInclude Include="Graphics\Texture.h">
      <Filter>Graphics\Headers</Filter>
    </ClInclude>
    <ClInclude Include="Graphics\Bitmap.h">
      <Filter>Graphics\Headers</Filter>
    </ClInclude>
    <ClInclude Include="Graphics\D3d.h">
      <Filter>Graphics\Headers</Filter>
    </ClInclude>
    <ClInclude Include="Timers\Cpu.h">
      <Filter>Timers\Headers</Filter>
    </ClInclude>
    <ClInclude Include="Timers\Fps.h">
      <Filter>Timers\Headers</Filter>
    </ClInclude>
    <ClInclude Include="Timers\Time.h">
      <Filter>Timers\Headers</Filter>
    </ClInclude>
    <ClInclude Include="System\System.h">
      <Filter>Main System\Main control\Headers</Filter>
    </ClInclude>
    <ClInclude Include="System\Launcher.h">
      <Filter>Main System\Launcher\Headers</Filter>
    </ClInclude>
    <ClInclude Include="Sound\Sound.h">
      <Filter>Sound\Headers</Filter>
    </ClInclude>
    <ClInclude Include="Input\Input.h">
      <Filter>Input\Headers</Filter>
    </ClInclude>
    <ClInclude Include="Movement\FreeMovement.h">
      <Filter>Movement\Headers</Filter>
    </ClInclude>
    <ClInclude Include="Graphics\Camera\Camera.h">
      <Filter>Graphics\Camera\Headers</Filter>
    </ClInclude>
    <ClInclude Include="Graphics\Camera\Frustum.h">
      <Filter>Graphics\Camera\Headers</Filter>
    </ClInclude>
    <ClInclude Include="System\Math\Vectors\Vector3.h">
      <Filter>Main System\Math\Vectors\Headers</Filter>
    </ClInclude>
    <ClInclude Include="System\Math\Vectors\Vector4.h">
      <Filter>Main System\Math\Vectors\Headers</Filter>
    </ClInclude>
    <ClInclude Include="System\Math\Vectors\Vector2.h">
      <Filter>Main System\Math\Vectors\Headers</Filter>
    </ClInclude>
    <ClInclude Include="System\Math\Matrices\Matrix4x4.h">
      <Filter>Main System\Math\Matrices\Headers</Filter>
    </ClInclude>
    <ClInclude Include="System\Math\EngineMath.h">
      <Filter>Main System\Math</Filter>
    </ClInclude>
    <ClInclude Include="System\Math\Vectors\Plane.h">
      <Filter>Main System\Math\Vectors\Headers</Filter>
    </ClInclude>
    <ClInclude Include="System\Math\Vectors\Quarernion.h">
      <Filter>Main System\Math\Vectors\Headers</Filter>
    </ClInclude>
  </ItemGroup>
  <ItemGroup>
    <None Include="Shaders\TextureVS.hlsl">
      <Filter>Shaders\Vertex</Filter>
    </None>
    <None Include="Shaders\LightVS.hlsl">
      <Filter>Shaders\Vertex</Filter>
    </None>
    <None Include="Shaders\ColorVS.hlsl">
      <Filter>Shaders\Vertex</Filter>
    </None>
    <None Include="Shaders\Color.hlsl">
      <Filter>Shaders\Pixel</Filter>
    </None>
    <None Include="Shaders\Light.hlsl">
      <Filter>Shaders\Pixel</Filter>
    </None>
    <None Include="Shaders\Texture.hlsl">
      <Filter>Shaders\Pixel</Filter>
    </None>
    <None Include="Shaders\Font.hlsl">
      <Filter>Shaders\Pixel</Filter>
    </None>
    <None Include="Shaders\FontVS.hlsl">
      <Filter>Shaders\Vertex</Filter>
    </None>
  </ItemGroup>
</Project>